// !$*UTF8*$!
{
	archiveVersion = 1;
	classes = {
	};
	objectVersion = 55;
	objects = {

/* Begin PBXBuildFile section */
		180A416B28F9386400BF5F7D /* AppDelegate.swift in Sources */ = {isa = PBXBuildFile; fileRef = 180A416A28F9386400BF5F7D /* AppDelegate.swift */; };
		180A416D28F9386400BF5F7D /* SceneDelegate.swift in Sources */ = {isa = PBXBuildFile; fileRef = 180A416C28F9386400BF5F7D /* SceneDelegate.swift */; };
		180A416F28F9386400BF5F7D /* ViewController.swift in Sources */ = {isa = PBXBuildFile; fileRef = 180A416E28F9386400BF5F7D /* ViewController.swift */; };
		180A417228F9386400BF5F7D /* Main.storyboard in Resources */ = {isa = PBXBuildFile; fileRef = 180A417028F9386400BF5F7D /* Main.storyboard */; };
		180A417428F9386500BF5F7D /* Assets.xcassets in Resources */ = {isa = PBXBuildFile; fileRef = 180A417328F9386500BF5F7D /* Assets.xcassets */; };
		180A417728F9386500BF5F7D /* LaunchScreen.storyboard in Resources */ = {isa = PBXBuildFile; fileRef = 180A417528F9386500BF5F7D /* LaunchScreen.storyboard */; };
		180A418228F9386600BF5F7D /* AudioFileTests.swift in Sources */ = {isa = PBXBuildFile; fileRef = 180A418128F9386600BF5F7D /* AudioFileTests.swift */; };
		180A418C28F9386600BF5F7D /* AudioFileUITests.swift in Sources */ = {isa = PBXBuildFile; fileRef = 180A418B28F9386600BF5F7D /* AudioFileUITests.swift */; };
		180A418E28F9386600BF5F7D /* AudioFileUITestsLaunchTests.swift in Sources */ = {isa = PBXBuildFile; fileRef = 180A418D28F9386600BF5F7D /* AudioFileUITestsLaunchTests.swift */; };
		180A419B28F939F700BF5F7D /* music.mp3 in Resources */ = {isa = PBXBuildFile; fileRef = 180A419A28F939F700BF5F7D /* music.mp3 */; };
/* End PBXBuildFile section */

/* Begin PBXContainerItemProxy section */
		180A417E28F9386600BF5F7D /* PBXContainerItemProxy */ = {
			isa = PBXContainerItemProxy;
			containerPortal = 180A415F28F9386400BF5F7D /* Project object */;
			proxyType = 1;
			remoteGlobalIDString = 180A416628F9386400BF5F7D;
			remoteInfo = AudioFile;
		};
		180A418828F9386600BF5F7D /* PBXContainerItemProxy */ = {
			isa = PBXContainerItemProxy;
			containerPortal = 180A415F28F9386400BF5F7D /* Project object */;
			proxyType = 1;
			remoteGlobalIDString = 180A416628F9386400BF5F7D;
			remoteInfo = AudioFile;
		};
/* End PBXContainerItemProxy section */

/* Begin PBXFileReference section */
		180A416728F9386400BF5F7D /* AudioFile.app */ = {isa = PBXFileReference; explicitFileType = wrapper.application; includeInIndex = 0; path = AudioFile.app; sourceTree = BUILT_PRODUCTS_DIR; };
		180A416A28F9386400BF5F7D /* AppDelegate.swift */ = {isa = PBXFileReference; lastKnownFileType = sourcecode.swift; path = AppDelegate.swift; sourceTree = "<group>"; };
		180A416C28F9386400BF5F7D /* SceneDelegate.swift */ = {isa = PBXFileReference; lastKnownFileType = sourcecode.swift; path = SceneDelegate.swift; sourceTree = "<group>"; };
		180A416E28F9386400BF5F7D /* ViewController.swift */ = {isa = PBXFileReference; lastKnownFileType = sourcecode.swift; path = ViewController.swift; sourceTree = "<group>"; };
		180A417128F9386400BF5F7D /* Base */ = {isa = PBXFileReference; lastKnownFileType = file.storyboard; name = Base; path = Base.lproj/Main.storyboard; sourceTree = "<group>"; };
		180A417328F9386500BF5F7D /* Assets.xcassets */ = {isa = PBXFileReference; lastKnownFileType = folder.assetcatalog; path = Assets.xcassets; sourceTree = "<group>"; };
		180A417628F9386500BF5F7D /* Base */ = {isa = PBXFileReference; lastKnownFileType = file.storyboard; name = Base; path = Base.lproj/LaunchScreen.storyboard; sourceTree = "<group>"; };
		180A417828F9386500BF5F7D /* Info.plist */ = {isa = PBXFileReference; lastKnownFileType = text.plist.xml; path = Info.plist; sourceTree = "<group>"; };
		180A417D28F9386600BF5F7D /* AudioFileTests.xctest */ = {isa = PBXFileReference; explicitFileType = wrapper.cfbundle; includeInIndex = 0; path = AudioFileTests.xctest; sourceTree = BUILT_PRODUCTS_DIR; };
		180A418128F9386600BF5F7D /* AudioFileTests.swift */ = {isa = PBXFileReference; lastKnownFileType = sourcecode.swift; path = AudioFileTests.swift; sourceTree = "<group>"; };
		180A418728F9386600BF5F7D /* AudioFileUITests.xctest */ = {isa = PBXFileReference; explicitFileType = wrapper.cfbundle; includeInIndex = 0; path = AudioFileUITests.xctest; sourceTree = BUILT_PRODUCTS_DIR; };
		180A418B28F9386600BF5F7D /* AudioFileUITests.swift */ = {isa = PBXFileReference; lastKnownFileType = sourcecode.swift; path = AudioFileUITests.swift; sourceTree = "<group>"; };
		180A418D28F9386600BF5F7D /* AudioFileUITestsLaunchTests.swift */ = {isa = PBXFileReference; lastKnownFileType = sourcecode.swift; path = AudioFileUITestsLaunchTests.swift; sourceTree = "<group>"; };
		180A419A28F939F700BF5F7D /* music.mp3 */ = {isa = PBXFileReference; lastKnownFileType = audio.mp3; path = music.mp3; sourceTree = "<group>"; };
/* End PBXFileReference section */

/* Begin PBXFrameworksBuildPhase section */
		180A416428F9386400BF5F7D /* Frameworks */ = {
			isa = PBXFrameworksBuildPhase;
			buildActionMask = 2147483647;
			files = (
			);
			runOnlyForDeploymentPostprocessing = 0;
		};
		180A417A28F9386600BF5F7D /* Frameworks */ = {
			isa = PBXFrameworksBuildPhase;
			buildActionMask = 2147483647;
			files = (
			);
			runOnlyForDeploymentPostprocessing = 0;
		};
		180A418428F9386600BF5F7D /* Frameworks */ = {
			isa = PBXFrameworksBuildPhase;
			buildActionMask = 2147483647;
			files = (
			);
			runOnlyForDeploymentPostprocessing = 0;
		};
/* End PBXFrameworksBuildPhase section */

/* Begin PBXGroup section */
		180A415E28F9386400BF5F7D = {
			isa = PBXGroup;
			children = (
				180A416928F9386400BF5F7D /* AudioFile */,
				180A418028F9386600BF5F7D /* AudioFileTests */,
				180A418A28F9386600BF5F7D /* AudioFileUITests */,
				180A416828F9386400BF5F7D /* Products */,
			);
			sourceTree = "<group>";
		};
		180A416828F9386400BF5F7D /* Products */ = {
			isa = PBXGroup;
			children = (
				180A416728F9386400BF5F7D /* AudioFile.app */,
				180A417D28F9386600BF5F7D /* AudioFileTests.xctest */,
				180A418728F9386600BF5F7D /* AudioFileUITests.xctest */,
			);
			name = Products;
			sourceTree = "<group>";
		};
		180A416928F9386400BF5F7D /* AudioFile */ = {
			isa = PBXGroup;
			children = (
				180A416A28F9386400BF5F7D /* AppDelegate.swift */,
				180A416C28F9386400BF5F7D /* SceneDelegate.swift */,
				180A416E28F9386400BF5F7D /* ViewController.swift */,
				180A417028F9386400BF5F7D /* Main.storyboard */,
				180A417328F9386500BF5F7D /* Assets.xcassets */,
				180A419A28F939F700BF5F7D /* music.mp3 */,
				180A417528F9386500BF5F7D /* LaunchScreen.storyboard */,
				180A417828F9386500BF5F7D /* Info.plist */,
			);
			path = AudioFile;
			sourceTree = "<group>";
		};
		180A418028F9386600BF5F7D /* AudioFileTests */ = {
			isa = PBXGroup;
			children = (
				180A418128F9386600BF5F7D /* AudioFileTests.swift */,
			);
			path = AudioFileTests;
			sourceTree = "<group>";
		};
		180A418A28F9386600BF5F7D /* AudioFileUITests */ = {
			isa = PBXGroup;
			children = (
				180A418B28F9386600BF5F7D /* AudioFileUITests.swift */,
				180A418D28F9386600BF5F7D /* AudioFileUITestsLaunchTests.swift */,
			);
			path = AudioFileUITests;
			sourceTree = "<group>";
		};
/* End PBXGroup section */

/* Begin PBXNativeTarget section */
		180A416628F9386400BF5F7D /* AudioFile */ = {
			isa = PBXNativeTarget;
			buildConfigurationList = 180A419128F9386600BF5F7D /* Build configuration list for PBXNativeTarget "AudioFile" */;
			buildPhases = (
				180A416328F9386400BF5F7D /* Sources */,
				180A416428F9386400BF5F7D /* Frameworks */,
				180A416528F9386400BF5F7D /* Resources */,
			);
			buildRules = (
			);
			dependencies = (
			);
			name = AudioFile;
			productName = AudioFile;
			productReference = 180A416728F9386400BF5F7D /* AudioFile.app */;
			productType = "com.apple.product-type.application";
		};
		180A417C28F9386600BF5F7D /* AudioFileTests */ = {
			isa = PBXNativeTarget;
			buildConfigurationList = 180A419428F9386600BF5F7D /* Build configuration list for PBXNativeTarget "AudioFileTests" */;
			buildPhases = (
				180A417928F9386600BF5F7D /* Sources */,
				180A417A28F9386600BF5F7D /* Frameworks */,
				180A417B28F9386600BF5F7D /* Resources */,
			);
			buildRules = (
			);
			dependencies = (
				180A417F28F9386600BF5F7D /* PBXTargetDependency */,
			);
			name = AudioFileTests;
			productName = AudioFileTests;
			productReference = 180A417D28F9386600BF5F7D /* AudioFileTests.xctest */;
			productType = "com.apple.product-type.bundle.unit-test";
		};
		180A418628F9386600BF5F7D /* AudioFileUITests */ = {
			isa = PBXNativeTarget;
			buildConfigurationList = 180A419728F9386600BF5F7D /* Build configuration list for PBXNativeTarget "AudioFileUITests" */;
			buildPhases = (
				180A418328F9386600BF5F7D /* Sources */,
				180A418428F9386600BF5F7D /* Frameworks */,
				180A418528F9386600BF5F7D /* Resources */,
			);
			buildRules = (
			);
			dependencies = (
				180A418928F9386600BF5F7D /* PBXTargetDependency */,
			);
			name = AudioFileUITests;
			productName = AudioFileUITests;
			productReference = 180A418728F9386600BF5F7D /* AudioFileUITests.xctest */;
			productType = "com.apple.product-type.bundle.ui-testing";
		};
/* End PBXNativeTarget section */

/* Begin PBXProject section */
		180A415F28F9386400BF5F7D /* Project object */ = {
			isa = PBXProject;
			attributes = {
				BuildIndependentTargetsInParallel = 1;
				LastSwiftUpdateCheck = 1340;
				LastUpgradeCheck = 1340;
				TargetAttributes = {
					180A416628F9386400BF5F7D = {
						CreatedOnToolsVersion = 13.4.1;
					};
					180A417C28F9386600BF5F7D = {
						CreatedOnToolsVersion = 13.4.1;
						TestTargetID = 180A416628F9386400BF5F7D;
					};
					180A418628F9386600BF5F7D = {
						CreatedOnToolsVersion = 13.4.1;
						TestTargetID = 180A416628F9386400BF5F7D;
					};
				};
			};
			buildConfigurationList = 180A416228F9386400BF5F7D /* Build configuration list for PBXProject "AudioFile" */;
			compatibilityVersion = "Xcode 13.0";
			developmentRegion = en;
			hasScannedForEncodings = 0;
			knownRegions = (
				en,
				Base,
			);
			mainGroup = 180A415E28F9386400BF5F7D;
			productRefGroup = 180A416828F9386400BF5F7D /* Products */;
			projectDirPath = "";
			projectRoot = "";
			targets = (
				180A416628F9386400BF5F7D /* AudioFile */,
				180A417C28F9386600BF5F7D /* AudioFileTests */,
				180A418628F9386600BF5F7D /* AudioFileUITests */,
			);
		};
/* End PBXProject section */

/* Begin PBXResourcesBuildPhase section */
		180A416528F9386400BF5F7D /* Resources */ = {
			isa = PBXResourcesBuildPhase;
			buildActionMask = 2147483647;
			files = (
				180A419B28F939F700BF5F7D /* music.mp3 in Resources */,
				180A417728F9386500BF5F7D /* LaunchScreen.storyboard in Resources */,
				180A417428F9386500BF5F7D /* Assets.xcassets in Resources */,
				180A417228F9386400BF5F7D /* Main.storyboard in Resources */,
			);
			runOnlyForDeploymentPostprocessing = 0;
		};
		180A417B28F9386600BF5F7D /* Resources */ = {
			isa = PBXResourcesBuildPhase;
			buildActionMask = 2147483647;
			files = (
			);
			runOnlyForDeploymentPostprocessing = 0;
		};
		180A418528F9386600BF5F7D /* Resources */ = {
			isa = PBXResourcesBuildPhase;
			buildActionMask = 2147483647;
			files = (
			);
			runOnlyForDeploymentPostprocessing = 0;
		};
/* End PBXResourcesBuildPhase section */

/* Begin PBXSourcesBuildPhase section */
		180A416328F9386400BF5F7D /* Sources */ = {
			isa = PBXSourcesBuildPhase;
			buildActionMask = 2147483647;
			files = (
				180A416F28F9386400BF5F7D /* ViewController.swift in Sources */,
				180A416B28F9386400BF5F7D /* AppDelegate.swift in Sources */,
				180A416D28F9386400BF5F7D /* SceneDelegate.swift in Sources */,
			);
			runOnlyForDeploymentPostprocessing = 0;
		};
		180A417928F9386600BF5F7D /* Sources */ = {
			isa = PBXSourcesBuildPhase;
			buildActionMask = 2147483647;
			files = (
				180A418228F9386600BF5F7D /* AudioFileTests.swift in Sources */,
			);
			runOnlyForDeploymentPostprocessing = 0;
		};
		180A418328F9386600BF5F7D /* Sources */ = {
			isa = PBXSourcesBuildPhase;
			buildActionMask = 2147483647;
			files = (
				180A418C28F9386600BF5F7D /* AudioFileUITests.swift in Sources */,
				180A418E28F9386600BF5F7D /* AudioFileUITestsLaunchTests.swift in Sources */,
			);
			runOnlyForDeploymentPostprocessing = 0;
		};
/* End PBXSourcesBuildPhase section */

/* Begin PBXTargetDependency section */
		180A417F28F9386600BF5F7D /* PBXTargetDependency */ = {
			isa = PBXTargetDependency;
			target = 180A416628F9386400BF5F7D /* AudioFile */;
			targetProxy = 180A417E28F9386600BF5F7D /* PBXContainerItemProxy */;
		};
		180A418928F9386600BF5F7D /* PBXTargetDependency */ = {
			isa = PBXTargetDependency;
			target = 180A416628F9386400BF5F7D /* AudioFile */;
			targetProxy = 180A418828F9386600BF5F7D /* PBXContainerItemProxy */;
		};
/* End PBXTargetDependency section */

/* Begin PBXVariantGroup section */
		180A417028F9386400BF5F7D /* Main.storyboard */ = {
			isa = PBXVariantGroup;
			children = (
				180A417128F9386400BF5F7D /* Base */,
			);
			name = Main.storyboard;
			sourceTree = "<group>";
		};
		180A417528F9386500BF5F7D /* LaunchScreen.storyboard */ = {
			isa = PBXVariantGroup;
			children = (
				180A417628F9386500BF5F7D /* Base */,
			);
			name = LaunchScreen.storyboard;
			sourceTree = "<group>";
		};
/* End PBXVariantGroup section */

/* Begin XCBuildConfiguration section */
		180A418F28F9386600BF5F7D /* Debug */ = {
			isa = XCBuildConfiguration;
			buildSettings = {
				ALWAYS_SEARCH_USER_PATHS = NO;
				CLANG_ANALYZER_NONNULL = YES;
				CLANG_ANALYZER_NUMBER_OBJECT_CONVERSION = YES_AGGRESSIVE;
				CLANG_CXX_LANGUAGE_STANDARD = "gnu++17";
				CLANG_ENABLE_MODULES = YES;
				CLANG_ENABLE_OBJC_ARC = YES;
				CLANG_ENABLE_OBJC_WEAK = YES;
				CLANG_WARN_BLOCK_CAPTURE_AUTORELEASING = YES;
				CLANG_WARN_BOOL_CONVERSION = YES;
				CLANG_WARN_COMMA = YES;
				CLANG_WARN_CONSTANT_CONVERSION = YES;
				CLANG_WARN_DEPRECATED_OBJC_IMPLEMENTATIONS = YES;
				CLANG_WARN_DIRECT_OBJC_ISA_USAGE = YES_ERROR;
				CLANG_WARN_DOCUMENTATION_COMMENTS = YES;
				CLANG_WARN_EMPTY_BODY = YES;
				CLANG_WARN_ENUM_CONVERSION = YES;
				CLANG_WARN_INFINITE_RECURSION = YES;
				CLANG_WARN_INT_CONVERSION = YES;
				CLANG_WARN_NON_LITERAL_NULL_CONVERSION = YES;
				CLANG_WARN_OBJC_IMPLICIT_RETAIN_SELF = YES;
				CLANG_WARN_OBJC_LITERAL_CONVERSION = YES;
				CLANG_WARN_OBJC_ROOT_CLASS = YES_ERROR;
				CLANG_WARN_QUOTED_INCLUDE_IN_FRAMEWORK_HEADER = YES;
				CLANG_WARN_RANGE_LOOP_ANALYSIS = YES;
				CLANG_WARN_STRICT_PROTOTYPES = YES;
				CLANG_WARN_SUSPICIOUS_MOVE = YES;
				CLANG_WARN_UNGUARDED_AVAILABILITY = YES_AGGRESSIVE;
				CLANG_WARN_UNREACHABLE_CODE = YES;
				CLANG_WARN__DUPLICATE_METHOD_MATCH = YES;
				COPY_PHASE_STRIP = NO;
				DEBUG_INFORMATION_FORMAT = dwarf;
				ENABLE_STRICT_OBJC_MSGSEND = YES;
				ENABLE_TESTABILITY = YES;
				GCC_C_LANGUAGE_STANDARD = gnu11;
				GCC_DYNAMIC_NO_PIC = NO;
				GCC_NO_COMMON_BLOCKS = YES;
				GCC_OPTIMIZATION_LEVEL = 0;
				GCC_PREPROCESSOR_DEFINITIONS = (
					"DEBUG=1",
					"$(inherited)",
				);
				GCC_WARN_64_TO_32_BIT_CONVERSION = YES;
				GCC_WARN_ABOUT_RETURN_TYPE = YES_ERROR;
				GCC_WARN_UNDECLARED_SELECTOR = YES;
				GCC_WARN_UNINITIALIZED_AUTOS = YES_AGGRESSIVE;
				GCC_WARN_UNUSED_FUNCTION = YES;
				GCC_WARN_UNUSED_VARIABLE = YES;
				IPHONEOS_DEPLOYMENT_TARGET = 15.5;
				MTL_ENABLE_DEBUG_INFO = INCLUDE_SOURCE;
				MTL_FAST_MATH = YES;
				ONLY_ACTIVE_ARCH = YES;
				SDKROOT = iphoneos;
				SWIFT_ACTIVE_COMPILATION_CONDITIONS = DEBUG;
				SWIFT_OPTIMIZATION_LEVEL = "-Onone";
			};
			name = Debug;
		};
		180A419028F9386600BF5F7D /* Release */ = {
			isa = XCBuildConfiguration;
			buildSettings = {
				ALWAYS_SEARCH_USER_PATHS = NO;
				CLANG_ANALYZER_NONNULL = YES;
				CLANG_ANALYZER_NUMBER_OBJECT_CONVERSION = YES_AGGRESSIVE;
				CLANG_CXX_LANGUAGE_STANDARD = "gnu++17";
				CLANG_ENABLE_MODULES = YES;
				CLANG_ENABLE_OBJC_ARC = YES;
				CLANG_ENABLE_OBJC_WEAK = YES;
				CLANG_WARN_BLOCK_CAPTURE_AUTORELEASING = YES;
				CLANG_WARN_BOOL_CONVERSION = YES;
				CLANG_WARN_COMMA = YES;
				CLANG_WARN_CONSTANT_CONVERSION = YES;
				CLANG_WARN_DEPRECATED_OBJC_IMPLEMENTATIONS = YES;
				CLANG_WARN_DIRECT_OBJC_ISA_USAGE = YES_ERROR;
				CLANG_WARN_DOCUMENTATION_COMMENTS = YES;
				CLANG_WARN_EMPTY_BODY = YES;
				CLANG_WARN_ENUM_CONVERSION = YES;
				CLANG_WARN_INFINITE_RECURSION = YES;
				CLANG_WARN_INT_CONVERSION = YES;
				CLANG_WARN_NON_LITERAL_NULL_CONVERSION = YES;
				CLANG_WARN_OBJC_IMPLICIT_RETAIN_SELF = YES;
				CLANG_WARN_OBJC_LITERAL_CONVERSION = YES;
				CLANG_WARN_OBJC_ROOT_CLASS = YES_ERROR;
				CLANG_WARN_QUOTED_INCLUDE_IN_FRAMEWORK_HEADER = YES;
				CLANG_WARN_RANGE_LOOP_ANALYSIS = YES;
				CLANG_WARN_STRICT_PROTOTYPES = YES;
				CLANG_WARN_SUSPICIOUS_MOVE = YES;
				CLANG_WARN_UNGUARDED_AVAILABILITY = YES_AGGRESSIVE;
				CLANG_WARN_UNREACHABLE_CODE = YES;
				CLANG_WARN__DUPLICATE_METHOD_MATCH = YES;
				COPY_PHASE_STRIP = NO;
				DEBUG_INFORMATION_FORMAT = "dwarf-with-dsym";
				ENABLE_NS_ASSERTIONS = NO;
				ENABLE_STRICT_OBJC_MSGSEND = YES;
				GCC_C_LANGUAGE_STANDARD = gnu11;
				GCC_NO_COMMON_BLOCKS = YES;
				GCC_WARN_64_TO_32_BIT_CONVERSION = YES;
				GCC_WARN_ABOUT_RETURN_TYPE = YES_ERROR;
				GCC_WARN_UNDECLARED_SELECTOR = YES;
				GCC_WARN_UNINITIALIZED_AUTOS = YES_AGGRESSIVE;
				GCC_WARN_UNUSED_FUNCTION = YES;
				GCC_WARN_UNUSED_VARIABLE = YES;
				IPHONEOS_DEPLOYMENT_TARGET = 15.5;
				MTL_ENABLE_DEBUG_INFO = NO;
				MTL_FAST_MATH = YES;
				SDKROOT = iphoneos;
				SWIFT_COMPILATION_MODE = wholemodule;
				SWIFT_OPTIMIZATION_LEVEL = "-O";
				VALIDATE_PRODUCT = YES;
			};
			name = Release;
		};
		180A419228F9386600BF5F7D /* Debug */ = {
			isa = XCBuildConfiguration;
			buildSettings = {
				ASSETCATALOG_COMPILER_APPICON_NAME = AppIcon;
				ASSETCATALOG_COMPILER_GLOBAL_ACCENT_COLOR_NAME = AccentColor;
				CODE_SIGN_STYLE = Automatic;
				CURRENT_PROJECT_VERSION = 1;
				GENERATE_INFOPLIST_FILE = YES;
				INFOPLIST_FILE = AudioFile/Info.plist;
				INFOPLIST_KEY_UIApplicationSupportsIndirectInputEvents = YES;
				INFOPLIST_KEY_UILaunchStoryboardName = LaunchScreen;
				INFOPLIST_KEY_UIMainStoryboardFile = Main;
				INFOPLIST_KEY_UISupportedInterfaceOrientations_iPad = "UIInterfaceOrientationPortrait UIInterfaceOrientationPortraitUpsideDown UIInterfaceOrientationLandscapeLeft UIInterfaceOrientationLandscapeRight";
				INFOPLIST_KEY_UISupportedInterfaceOrientations_iPhone = "UIInterfaceOrientationPortrait UIInterfaceOrientationLandscapeLeft UIInterfaceOrientationLandscapeRight";
				LD_RUNPATH_SEARCH_PATHS = (
					"$(inherited)",
					"@executable_path/Frameworks",
				);
				MARKETING_VERSION = 1.0;
				PRODUCT_BUNDLE_IDENTIFIER = ios.AudioFile;
				PRODUCT_NAME = "$(TARGET_NAME)";
				SWIFT_EMIT_LOC_STRINGS = YES;
				SWIFT_VERSION = 5.0;
				TARGETED_DEVICE_FAMILY = "1,2";
			};
			name = Debug;
		};
		180A419328F9386600BF5F7D /* Release */ = {
			isa = XCBuildConfiguration;
			buildSettings = {
				ASSETCATALOG_COMPILER_APPICON_NAME = AppIcon;
				ASSETCATALOG_COMPILER_GLOBAL_ACCENT_COLOR_NAME = AccentColor;
				CODE_SIGN_STYLE = Automatic;
				CURRENT_PROJECT_VERSION = 1;
				GENERATE_INFOPLIST_FILE = YES;
				INFOPLIST_FILE = AudioFile/Info.plist;
				INFOPLIST_KEY_UIApplicationSupportsIndirectInputEvents = YES;
				INFOPLIST_KEY_UILaunchStoryboardName = LaunchScreen;
				INFOPLIST_KEY_UIMainStoryboardFile = Main;
				INFOPLIST_KEY_UISupportedInterfaceOrientations_iPad = "UIInterfaceOrientationPortrait UIInterfaceOrientationPortraitUpsideDown UIInterfaceOrientationLandscapeLeft UIInterfaceOrientationLandscapeRight";
				INFOPLIST_KEY_UISupportedInterfaceOrientations_iPhone = "UIInterfaceOrientationPortrait UIInterfaceOrientationLandscapeLeft UIInterfaceOrientationLandscapeRight";
				LD_RUNPATH_SEARCH_PATHS = (
					"$(inherited)",
					"@executable_path/Frameworks",
				);
				MARKETING_VERSION = 1.0;
				PRODUCT_BUNDLE_IDENTIFIER = ios.AudioFile;
				PRODUCT_NAME = "$(TARGET_NAME)";
				SWIFT_EMIT_LOC_STRINGS = YES;
				SWIFT_VERSION = 5.0;
				TARGETED_DEVICE_FAMILY = "1,2";
			};
			name = Release;
		};
		180A419528F9386600BF5F7D /* Debug */ = {
			isa = XCBuildConfiguration;
			buildSettings = {
				ALWAYS_EMBED_SWIFT_STANDARD_LIBRARIES = YES;
				BUNDLE_LOADER = "$(TEST_HOST)";
				CODE_SIGN_STYLE = Automatic;
				CURRENT_PROJECT_VERSION = 1;
				GENERATE_INFOPLIST_FILE = YES;
				IPHONEOS_DEPLOYMENT_TARGET = 15.5;
				MARKETING_VERSION = 1.0;
				PRODUCT_BUNDLE_IDENTIFIER = ios.AudioFileTests;
				PRODUCT_NAME = "$(TARGET_NAME)";
				SWIFT_EMIT_LOC_STRINGS = NO;
				SWIFT_VERSION = 5.0;
				TARGETED_DEVICE_FAMILY = "1,2";
				TEST_HOST = "$(BUILT_PRODUCTS_DIR)/AudioFile.app/AudioFile";
			};
			name = Debug;
		};
		180A419628F9386600BF5F7D /* Release */ = {
			isa = XCBuildConfiguration;
			buildSettings = {
				ALWAYS_EMBED_SWIFT_STANDARD_LIBRARIES = YES;
				BUNDLE_LOADER = "$(TEST_HOST)";
				CODE_SIGN_STYLE = Automatic;
				CURRENT_PROJECT_VERSION = 1;
				GENERATE_INFOPLIST_FILE = YES;
				IPHONEOS_DEPLOYMENT_TARGET = 15.5;
				MARKETING_VERSION = 1.0;
				PRODUCT_BUNDLE_IDENTIFIER = ios.AudioFileTests;
				PRODUCT_NAME = "$(TARGET_NAME)";
				SWIFT_EMIT_LOC_STRINGS = NO;
				SWIFT_VERSION = 5.0;
				TARGETED_DEVICE_FAMILY = "1,2";
				TEST_HOST = "$(BUILT_PRODUCTS_DIR)/AudioFile.app/AudioFile";
			};
			name = Release;
		};
		180A419828F9386600BF5F7D /* Debug */ = {
			isa = XCBuildConfiguration;
			buildSettings = {
				ALWAYS_EMBED_SWIFT_STANDARD_LIBRARIES = YES;
				CODE_SIGN_STYLE = Automatic;
				CURRENT_PROJECT_VERSION = 1;
				GENERATE_INFOPLIST_FILE = YES;
				MARKETING_VERSION = 1.0;
				PRODUCT_BUNDLE_IDENTIFIER = ios.AudioFileUITests;
				PRODUCT_NAME = "$(TARGET_NAME)";
				SWIFT_EMIT_LOC_STRINGS = NO;
				SWIFT_VERSION = 5.0;
				TARGETED_DEVICE_FAMILY = "1,2";
				TEST_TARGET_NAME = AudioFile;
			};
			name = Debug;
		};
		180A419928F9386600BF5F7D /* Release */ = {
			isa = XCBuildConfiguration;
			buildSettings = {
				ALWAYS_EMBED_SWIFT_STANDARD_LIBRARIES = YES;
				CODE_SIGN_STYLE = Automatic;
				CURRENT_PROJECT_VERSION = 1;
				GENERATE_INFOPLIST_FILE = YES;
				MARKETING_VERSION = 1.0;
				PRODUCT_BUNDLE_IDENTIFIER = ios.AudioFileUITests;
				PRODUCT_NAME = "$(TARGET_NAME)";
				SWIFT_EMIT_LOC_STRINGS = NO;
				SWIFT_VERSION = 5.0;
				TARGETED_DEVICE_FAMILY = "1,2";
				TEST_TARGET_NAME = AudioFile;
			};
			name = Release;
		};
/* End XCBuildConfiguration section */

/* Begin XCConfigurationList section */
		180A416228F9386400BF5F7D /* Build configuration list for PBXProject "AudioFile" */ = {
			isa = XCConfigurationList;
			buildConfigurations = (
				180A418F28F9386600BF5F7D /* Debug */,
				180A419028F9386600BF5F7D /* Release */,
			);
			defaultConfigurationIsVisible = 0;
			defaultConfigurationName = Release;
		};
		180A419128F9386600BF5F7D /* Build configuration list for PBXNativeTarget "AudioFile" */ = {
			isa = XCConfigurationList;
			buildConfigurations = (
				180A419228F9386600BF5F7D /* Debug */,
				180A419328F9386600BF5F7D /* Release */,
			);
			defaultConfigurationIsVisible = 0;
			defaultConfigurationName = Release;
		};
		180A419428F9386600BF5F7D /* Build configuration list for PBXNativeTarget "AudioFileTests" */ = {
			isa = XCConfigurationList;
			buildConfigurations = (
				180A419528F9386600BF5F7D /* Debug */,
				180A419628F9386600BF5F7D /* Release */,
			);
			defaultConfigurationIsVisible = 0;
			defaultConfigurationName = Release;
		};
		180A419728F9386600BF5F7D /* Build configuration list for PBXNativeTarget "AudioFileUITests" */ = {
			isa = XCConfigurationList;
			buildConfigurations = (
				180A419828F9386600BF5F7D /* Debug */,
				180A419928F9386600BF5F7D /* Release */,
			);
			defaultConfigurationIsVisible = 0;
			defaultConfigurationName = Release;
		};
/* End XCConfigurationList section */
	};
	rootObject = 180A415F28F9386400BF5F7D /* Project object */;
}
